
Microsoft Visual Studio Solution File, Format Version 12.00
# Visual Studio Version 17
VisualStudioVersion = 17.13.35931.197
MinimumVisualStudioVersion = 10.0.40219.1
Project("{FAE04EC0-301F-11D3-BF4B-00C04F79EFBC}") = "zad1", "zad1\zad1.csproj", "{0C7392FB-60BF-4A56-8745-FBEEE4DAA91E}"
EndProject
Project("{FAE04EC0-301F-11D3-BF4B-00C04F79EFBC}") = "zad2", "zad2\zad2.csproj", "{D561B55A-FA5C-4D28-BCDF-0BA939AC36BF}"
EndProject
Project("{FAE04EC0-301F-11D3-BF4B-00C04F79EFBC}") = "zad3", "zad3\zad3.csproj", "{D3AA079A-7AC7-4A8D-8567-3FD843BE590F}"
EndProject
Project("{FAE04EC0-301F-11D3-BF4B-00C04F79EFBC}") = "zad4", "zad4\zad4.csproj", "{287087F0-6EEE-4F96-8B55-B80B5B408D34}"
EndProject
Project("{FAE04EC0-301F-11D3-BF4B-00C04F79EFBC}") = "zad5", "zad5\zad5.csproj", "{D21A4CFD-1C00-4961-96EB-F6BE0432780D}"
EndProject
Project("{FAE04EC0-301F-11D3-BF4B-00C04F79EFBC}") = "zad6", "zad6\zad6.csproj", "{C1ACAE4E-1029-4B24-BD9B-5B169A777C27}"
EndProject
Global
	GlobalSection(SolutionConfigurationPlatforms) = preSolution
		Debug|Any CPU = Debug|Any CPU
		Release|Any CPU = Release|Any CPU
	EndGlobalSection
	GlobalSection(ProjectConfigurationPlatforms) = postSolution
		{0C7392FB-60BF-4A56-8745-FBEEE4DAA91E}.Debug|Any CPU.ActiveCfg = Debug|Any CPU
		{0C7392FB-60BF-4A56-8745-FBEEE4DAA91E}.Debug|Any CPU.Build.0 = Debug|Any CPU
		{0C7392FB-60BF-4A56-8745-FBEEE4DAA91E}.Release|Any CPU.ActiveCfg = Release|Any CPU
		{0C7392FB-60BF-4A56-8745-FBEEE4DAA91E}.Release|Any CPU.Build.0 = Release|Any CPU
		{D561B55A-FA5C-4D28-BCDF-0BA939AC36BF}.Debug|Any CPU.ActiveCfg = Debug|Any CPU
		{D561B55A-FA5C-4D28-BCDF-0BA939AC36BF}.Debug|Any CPU.Build.0 = Debug|Any CPU
		{D561B55A-FA5C-4D28-BCDF-0BA939AC36BF}.Release|Any CPU.ActiveCfg = Release|Any CPU
		{D561B55A-FA5C-4D28-BCDF-0BA939AC36BF}.Release|Any CPU.Build.0 = Release|Any CPU
		{D3AA079A-7AC7-4A8D-8567-3FD843BE590F}.Debug|Any CPU.ActiveCfg = Debug|Any CPU
		{D3AA079A-7AC7-4A8D-8567-3FD843BE590F}.Debug|Any CPU.Build.0 = Debug|Any CPU
		{D3AA079A-7AC7-4A8D-8567-3FD843BE590F}.Release|Any CPU.ActiveCfg = Release|Any CPU
		{D3AA079A-7AC7-4A8D-8567-3FD843BE590F}.Release|Any CPU.Build.0 = Release|Any CPU
		{287087F0-6EEE-4F96-8B55-B80B5B408D34}.Debug|Any CPU.ActiveCfg = Debug|Any CPU
		{287087F0-6EEE-4F96-8B55-B80B5B408D34}.Debug|Any CPU.Build.0 = Debug|Any CPU
		{287087F0-6EEE-4F96-8B55-B80B5B408D34}.Release|Any CPU.ActiveCfg = Release|Any CPU
		{287087F0-6EEE-4F96-8B55-B80B5B408D34}.Release|Any CPU.Build.0 = Release|Any CPU
		{D21A4CFD-1C00-4961-96EB-F6BE0432780D}.Debug|Any CPU.ActiveCfg = Debug|Any CPU
		{D21A4CFD-1C00-4961-96EB-F6BE0432780D}.Debug|Any CPU.Build.0 = Debug|Any CPU
		{D21A4CFD-1C00-4961-96EB-F6BE0432780D}.Release|Any CPU.ActiveCfg = Release|Any CPU
		{D21A4CFD-1C00-4961-96EB-F6BE0432780D}.Release|Any CPU.Build.0 = Release|Any CPU
		{C1ACAE4E-1029-4B24-BD9B-5B169A777C27}.Debug|Any CPU.ActiveCfg = Debug|Any CPU
		{C1ACAE4E-1029-4B24-BD9B-5B169A777C27}.Debug|Any CPU.Build.0 = Debug|Any CPU
		{C1ACAE4E-1029-4B24-BD9B-5B169A777C27}.Release|Any CPU.ActiveCfg = Release|Any CPU
		{C1ACAE4E-1029-4B24-BD9B-5B169A777C27}.Release|Any CPU.Build.0 = Release|Any CPU
	EndGlobalSection
	GlobalSection(SolutionProperties) = preSolution
		HideSolutionNode = FALSE
	EndGlobalSection
	GlobalSection(ExtensibilityGlobals) = postSolution
		SolutionGuid = {9B752188-70DF-4E98-A44C-C6695DD087C8}
	EndGlobalSection
EndGlobal
