
Microsoft Visual Studio Solution File, Format Version 12.00
# Visual Studio Version 17
VisualStudioVersion = 17.13.35931.197 d17.13
MinimumVisualStudioVersion = 10.0.40219.1
Project("{FAE04EC0-301F-11D3-BF4B-00C04F79EFBC}") = "Podstawy C#", "Podstawy C#\Podstawy C#.csproj", "{22680C7D-7BD0-4B00-B37D-9E0310752EE9}"
EndProject
Global
	GlobalSection(SolutionConfigurationPlatforms) = preSolution
		Debug|Any CPU = Debug|Any CPU
		Release|Any CPU = Release|Any CPU
	EndGlobalSection
	GlobalSection(ProjectConfigurationPlatforms) = postSolution
		{22680C7D-7BD0-4B00-B37D-9E0310752EE9}.Debug|Any CPU.ActiveCfg = Debug|Any CPU
		{22680C7D-7BD0-4B00-B37D-9E0310752EE9}.Debug|Any CPU.Build.0 = Debug|Any CPU
		{22680C7D-7BD0-4B00-B37D-9E0310752EE9}.Release|Any CPU.ActiveCfg = Release|Any CPU
		{22680C7D-7BD0-4B00-B37D-9E0310752EE9}.Release|Any CPU.Build.0 = Release|Any CPU
	EndGlobalSection
	GlobalSection(SolutionProperties) = preSolution
		HideSolutionNode = FALSE
	EndGlobalSection
	GlobalSection(ExtensibilityGlobals) = postSolution
		SolutionGuid = {6B0602BC-D7C4-43C5-97D4-2FB133C9740C}
	EndGlobalSection
EndGlobal
